<?xml version="1.0" encoding="utf-8"?>
<Project ToolsVersion="4.0" xmlns="http://schemas.microsoft.com/developer/msbuild/2003">
  <ItemGroup>
    <Filter Include="Form Files">
      <UniqueIdentifier>{99349809-55BA-4b9d-BF79-8FDBB0286EB3}</UniqueIdentifier>
      <Extensions>ui</Extensions>
    </Filter>
    <Filter Include="Resource Files">
      <UniqueIdentifier>{D9D6E242-F8AF-46E4-B9FD-80ECBC20BA3E}</UniqueIdentifier>
      <Extensions>qrc;*</Extensions>
      <ParseFiles>false</ParseFiles>
    </Filter>
    <Filter Include="Generated Files">
      <UniqueIdentifier>{71ED8ED8-ACB9-4CE9-BBE1-E00B30144E11}</UniqueIdentifier>
      <Extensions>moc;h;cpp</Extensions>
      <SourceControlFiles>False</SourceControlFiles>
    </Filter>
    <Filter Include="Public">
      <UniqueIdentifier>{93995380-89BD-4b04-88EB-625FBE52EBFB}</UniqueIdentifier>
      <Extensions>h</Extensions>
    </Filter>
    <Filter Include="Private">
      <UniqueIdentifier>{4FC737F1-C7A5-4376-A066-2A32D752A2FF}</UniqueIdentifier>
      <Extensions>cpp;cxx;c;def</Extensions>
    </Filter>
    <Filter Include="Private\renderer">
      <UniqueIdentifier>{151e343b-87de-4e47-864a-b4bbbc62857d}</UniqueIdentifier>
    </Filter>
    <Filter Include="Private\renderer\glew">
      <UniqueIdentifier>{690cb762-88fa-4f65-ae23-5819d5d13f68}</UniqueIdentifier>
    </Filter>
    <Filter Include="Private\UI">
      <UniqueIdentifier>{7614b199-a3c9-4071-9455-8f56505238c4}</UniqueIdentifier>
    </Filter>
    <Filter Include="Private\UI\mainwindow">
      <UniqueIdentifier>{30f02b77-8f09-4abe-be2d-7ccb0c5c297c}</UniqueIdentifier>
    </Filter>
    <Filter Include="Private\UI\renderview">
      <UniqueIdentifier>{fe7dcee8-8160-4e02-bde6-15ad16e0845a}</UniqueIdentifier>
    </Filter>
    <Filter Include="Private\generic">
      <UniqueIdentifier>{02fd699d-1a32-4c74-a58b-703c5192a5ea}</UniqueIdentifier>
    </Filter>
    <Filter Include="Private\renderer\effects">
      <UniqueIdentifier>{086e3747-c671-415c-8dc2-1ed97aea6a42}</UniqueIdentifier>
    </Filter>
    <Filter Include="Private\common">
      <UniqueIdentifier>{3c05911a-04b5-45c7-9e68-6c515759e248}</UniqueIdentifier>
    </Filter>
    <Filter Include="Private\renderer\program">
      <UniqueIdentifier>{44f3ce80-44f1-49a2-a3b2-9db6d515353d}</UniqueIdentifier>
    </Filter>
    <Filter Include="Private\renderer\shader">
      <UniqueIdentifier>{9b6c3aac-3e11-4ed9-aec8-da3fd0fb0269}</UniqueIdentifier>
    </Filter>
    <Filter Include="Private\renderer\color">
      <UniqueIdentifier>{7fb5ce12-07b5-413e-92f3-5215542687ec}</UniqueIdentifier>
    </Filter>
    <Filter Include="Private\renderer\mesh">
      <UniqueIdentifier>{5559252f-6c7b-48c3-bc81-d03b8ee4c099}</UniqueIdentifier>
    </Filter>
    <Filter Include="Private\renderer\mesh\quad">
      <UniqueIdentifier>{fe6a8f41-699f-43c1-96ce-ade8e91367ec}</UniqueIdentifier>
    </Filter>
    <Filter Include="Private\world">
      <UniqueIdentifier>{8ac41f66-c4a2-41c1-a5bd-632cae1ae4e1}</UniqueIdentifier>
    </Filter>
    <Filter Include="Private\system">
      <UniqueIdentifier>{eeb790c1-2d4b-4a66-9c07-4bf52d3dde1e}</UniqueIdentifier>
    </Filter>
    <Filter Include="Private\system\opengl">
      <UniqueIdentifier>{53753027-11e4-4504-ae1e-23e6a182ae97}</UniqueIdentifier>
    </Filter>
    <Filter Include="Private\system\timer">
      <UniqueIdentifier>{321c52af-aace-438b-87f1-f185f28c7836}</UniqueIdentifier>
    </Filter>
    <Filter Include="Private\system\window">
      <UniqueIdentifier>{54b89710-f726-4839-b67d-2c28d809061b}</UniqueIdentifier>
    </Filter>
    <Filter Include="Private\system\opengl\glwindow">
      <UniqueIdentifier>{10a182e9-25a9-4b3d-a6e1-072f89764598}</UniqueIdentifier>
    </Filter>
    <Filter Include="Private\renderer\mesh\polyhedron">
      <UniqueIdentifier>{7e8cc913-8676-43d5-8c11-42cfcd37db88}</UniqueIdentifier>
    </Filter>
    <Filter Include="Private\UI\randompoints">
      <UniqueIdentifier>{68b15fd8-3765-4698-82b6-dcdf986944f0}</UniqueIdentifier>
    </Filter>
    <Filter Include="Generated Files\Debug">
      <UniqueIdentifier>{7830a7c0-b491-46b7-b027-790784e54110}</UniqueIdentifier>
      <Extensions>cpp;moc</Extensions>
      <SourceControlFiles>False</SourceControlFiles>
    </Filter>
    <Filter Include="Generated Files\Release">
      <UniqueIdentifier>{7797bb4e-85d5-425a-aed6-1f8c1c0f0ebb}</UniqueIdentifier>
      <Extensions>cpp;moc</Extensions>
      <SourceControlFiles>False</SourceControlFiles>
    </Filter>
    <Filter Include="Private\world\entities">
      <UniqueIdentifier>{80e705f5-6367-4b12-baa3-3a7e4280a3a8}</UniqueIdentifier>
    </Filter>
    <Filter Include="Private\camera">
      <UniqueIdentifier>{b6528ad0-dcb5-43b5-ab7b-f070bdda70d3}</UniqueIdentifier>
    </Filter>
    <Filter Include="Private\renderer\light">
      <UniqueIdentifier>{aa1872b8-242c-4661-8009-d3855a79d80c}</UniqueIdentifier>
    </Filter>
    <Filter Include="Private\renderer\material">
      <UniqueIdentifier>{d4fef104-4ebd-44a0-be59-d17ac18acad1}</UniqueIdentifier>
    </Filter>
    <Filter Include="Private\UI\algorithmwidget">
      <UniqueIdentifier>{3f6dbbd9-6d3e-43ac-adf0-553b99407542}</UniqueIdentifier>
    </Filter>
    <Filter Include="Private\algdriver">
      <UniqueIdentifier>{8ce06f9d-99e8-45b1-aaee-019d1cf47783}</UniqueIdentifier>
    </Filter>
    <Filter Include="Private\system\locks">
      <UniqueIdentifier>{e8634b6a-8aa4-4a56-a587-aa307570c037}</UniqueIdentifier>
    </Filter>
    <Filter Include="Private\system\thread">
      <UniqueIdentifier>{98c6cb0d-31e3-4176-adb8-86a6c5d20bfd}</UniqueIdentifier>
    </Filter>
    <Filter Include="Private\UI\logwidget">
      <UniqueIdentifier>{17cdd0db-4c76-4c7f-bfe1-a66deb0f3fe5}</UniqueIdentifier>
    </Filter>
    <Filter Include="Private\UI\glwidget">
      <UniqueIdentifier>{3bf3127d-3379-4864-b0ce-80a5094e90ee}</UniqueIdentifier>
    </Filter>
    <Filter Include="Private\renderer\resource">
      <UniqueIdentifier>{b89b9d71-ffea-4c87-b00d-2a894bfb5bec}</UniqueIdentifier>
    </Filter>
    <Filter Include="Private\renderer\mesh\polygon">
      <UniqueIdentifier>{ed66ed19-3299-4159-b075-c15b2eb4ad3a}</UniqueIdentifier>
    </Filter>
    <Filter Include="Private\renderer\skin">
      <UniqueIdentifier>{4b53a1f5-d4bf-4a0e-9a37-fdd87fdd1335}</UniqueIdentifier>
    </Filter>
    <Filter Include="Private\renderer\textures">
      <UniqueIdentifier>{43306ecc-f379-42c3-b680-062b4ca35432}</UniqueIdentifier>
    </Filter>
    <Filter Include="Private\common\filesystem">
      <UniqueIdentifier>{468c2add-405a-4346-a2a0-1cde6556b267}</UniqueIdentifier>
    </Filter>
    <Filter Include="Private\common\config">
      <UniqueIdentifier>{d19103ff-80d8-4b5d-91be-8209b002bd39}</UniqueIdentifier>
    </Filter>
    <Filter Include="Private\renderer\metrics">
      <UniqueIdentifier>{fcb87847-f4a1-4c2d-8a2b-03a977b6b962}</UniqueIdentifier>
    </Filter>
    <Filter Include="Private\UI\rendermetrics">
      <UniqueIdentifier>{c1d33feb-ce90-4fd2-9ea9-b35b32f3f6c1}</UniqueIdentifier>
    </Filter>
    <Filter Include="Private\renderer\mesh\bezier">
      <UniqueIdentifier>{ce8b9add-0f0f-4035-a851-b2e45ea40c37}</UniqueIdentifier>
    </Filter>
    <Filter Include="Private\renderer\mesh\sphere">
      <UniqueIdentifier>{681efa7c-1f00-4a65-af58-2590c53f35da}</UniqueIdentifier>
    </Filter>
    <Filter Include="Private\renderer\mesh\cylinder">
      <UniqueIdentifier>{fc9c3fbb-3558-4100-b384-c2df5b50b9b2}</UniqueIdentifier>
    </Filter>
    <Filter Include="Private\UI\renderconfig">
      <UniqueIdentifier>{d82575ec-0fda-4022-bed0-366025105d4e}</UniqueIdentifier>
    </Filter>
    <Filter Include="Private\renderer\mesh\plane">
      <UniqueIdentifier>{6ea6f262-5be1-4140-b052-34f618390db7}</UniqueIdentifier>
    </Filter>
    <Filter Include="Private\renderer\giantbuffer">
      <UniqueIdentifier>{df709011-cfb4-4d42-b27a-fd4821ea76d8}</UniqueIdentifier>
    </Filter>
    <Filter Include="Private\UI\outliner">
      <UniqueIdentifier>{d2c0fc38-27fa-430c-aad7-98374bcad8cc}</UniqueIdentifier>
    </Filter>
    <Filter Include="Private\events">
      <UniqueIdentifier>{dea5b76f-1b3d-482f-99c6-75b5c393aff1}</UniqueIdentifier>
    </Filter>
    <Filter Include="Private\UI\colorbutton">
      <UniqueIdentifier>{bb899979-99a9-4fea-9231-1b9df1cc3fe7}</UniqueIdentifier>
    </Filter>
    <Filter Include="Private\renderer\effects\nfx_loader">
      <UniqueIdentifier>{7f6cade1-f742-49f4-9839-732b7a86a91f}</UniqueIdentifier>
    </Filter>
    <Filter Include="Private\renderer\effects\statedesc_gen">
      <UniqueIdentifier>{fda313cb-9753-4784-81a5-2b6c77f8f9ac}</UniqueIdentifier>
    </Filter>
    <Filter Include="Private\renderer\nodes">
      <UniqueIdentifier>{08df3b64-35a6-40fb-a630-ff5e22b4730a}</UniqueIdentifier>
    </Filter>
    <Filter Include="Private\renderer\edges">
      <UniqueIdentifier>{d3d8b7b4-9a46-4fcd-8bc1-3443c25bd270}</UniqueIdentifier>
    </Filter>
    <Filter Include="Private\renderer\shader\shader_preprocessor">
      <UniqueIdentifier>{86b7b8ad-4430-46d9-b923-11097ad4d4bb}</UniqueIdentifier>
    </Filter>
    <Filter Include="Public\polymesh">
      <UniqueIdentifier>{51ed8ed5-9290-41e2-b5a5-145956db0899}</UniqueIdentifier>
    </Filter>
    <Filter Include="Private\polymesh">
      <UniqueIdentifier>{38704326-26b1-4fa8-b472-200965af557d}</UniqueIdentifier>
    </Filter>
    <Filter Include="Private\world\entities\ent_geometry">
      <UniqueIdentifier>{e19ee440-a151-43e4-85de-5898f314549e}</UniqueIdentifier>
    </Filter>
    <Filter Include="Private\mainloop">
      <UniqueIdentifier>{94427047-45f9-4567-ace9-a16e9d1ebe4e}</UniqueIdentifier>
    </Filter>
    <Filter Include="Private\UI\operatorpanel">
      <UniqueIdentifier>{aecc050e-96e7-4c92-b9e0-2e1901096cca}</UniqueIdentifier>
    </Filter>
    <Filter Include="Private\operators">
      <UniqueIdentifier>{adb65b1b-9e91-4a09-bcc2-c2783d9614cb}</UniqueIdentifier>
    </Filter>
    <Filter Include="Private\UI\simple_panel">
      <UniqueIdentifier>{f37dedb2-9459-4887-aee5-838fb25ee20d}</UniqueIdentifier>
    </Filter>
    <Filter Include="Public\renderer">
      <UniqueIdentifier>{c70f0992-5327-40aa-ba25-b9156690e2ef}</UniqueIdentifier>
    </Filter>
    <Filter Include="Public\renderer\color">
      <UniqueIdentifier>{6b790fd9-1337-4dba-bad9-62cf75603351}</UniqueIdentifier>
    </Filter>
    <Filter Include="Private\renderer\mesh\grid">
      <UniqueIdentifier>{851ab214-9a34-4625-bfa9-c71f14f14fbf}</UniqueIdentifier>
    </Filter>
    <Filter Include="Private\renderer\mesh\cone">
      <UniqueIdentifier>{fc44719c-cc26-4827-84e9-704fe5008a93}</UniqueIdentifier>
    </Filter>
    <Filter Include="Public\operators">
      <UniqueIdentifier>{fc8c66d4-7f38-479c-b532-c4950ba444a0}</UniqueIdentifier>
    </Filter>
    <Filter Include="Public\math">
      <UniqueIdentifier>{bb81bb28-a58c-4f21-af2c-b3c9d6d3170e}</UniqueIdentifier>
    </Filter>
    <Filter Include="Private\math">
      <UniqueIdentifier>{a931bd0d-0974-411d-b66f-99c8f14ada6b}</UniqueIdentifier>
    </Filter>
    <Filter Include="Private\operators\op_loop">
      <UniqueIdentifier>{72aaef09-493a-44f1-a76a-6c94612cfd55}</UniqueIdentifier>
    </Filter>
  </ItemGroup>
  <ItemGroup>
    <ClInclude Include="..\..\src\Nubuck\renderer\glew\glew.h">
      <Filter>Private\renderer\glew</Filter>
    </ClInclude>
    <ClInclude Include="..\..\src\Nubuck\renderer\glew\glxew.h">
      <Filter>Private\renderer\glew</Filter>
    </ClInclude>
    <ClInclude Include="..\..\src\Nubuck\renderer\glew\wglew.h">
      <Filter>Private\renderer\glew</Filter>
    </ClInclude>
    <ClInclude Include="..\..\incl\Nubuck\nubuck.h">
      <Filter>Public</Filter>
    </ClInclude>
    <ClInclude Include="GeneratedFiles\ui_mainwindow.h">
      <Filter>Generated Files</Filter>
    </ClInclude>
    <ClInclude Include="..\..\src\Nubuck\generic\pointer.h">
      <Filter>Private\generic</Filter>
    </ClInclude>
    <ClInclude Include="..\..\src\Nubuck\generic\singleton.h">
      <Filter>Private\generic</Filter>
    </ClInclude>
    <ClInclude Include="..\..\src\Nubuck\generic\uncopyable.h">
      <Filter>Private\generic</Filter>
    </ClInclude>
    <ClInclude Include="..\..\src\Nubuck\common\common.h">
      <Filter>Private\common</Filter>
    </ClInclude>
    <ClInclude Include="..\..\src\Nubuck\renderer\shader\shader.h">
      <Filter>Private\renderer\shader</Filter>
    </ClInclude>
    <ClInclude Include="..\..\src\Nubuck\renderer\program\program.h">
      <Filter>Private\renderer\program</Filter>
    </ClInclude>
    <ClInclude Include="..\..\src\Nubuck\renderer\effects\pass.h">
      <Filter>Private\renderer\effects</Filter>
    </ClInclude>
    <ClInclude Include="..\..\src\Nubuck\renderer\glcall.h">
      <Filter>Private\renderer</Filter>
    </ClInclude>
    <ClInclude Include="..\..\src\Nubuck\renderer\renderer.h">
      <Filter>Private\renderer</Filter>
    </ClInclude>
    <ClInclude Include="..\..\src\Nubuck\renderer\mesh\mesh.h">
      <Filter>Private\renderer\mesh</Filter>
    </ClInclude>
    <ClInclude Include="..\..\src\Nubuck\renderer\mesh\staticbuffer.h">
      <Filter>Private\renderer\mesh</Filter>
    </ClInclude>
    <ClInclude Include="..\..\src\Nubuck\renderer\mesh\quad\quad.h">
      <Filter>Private\renderer\mesh\quad</Filter>
    </ClInclude>
    <ClInclude Include="..\..\src\Nubuck\system\opengl\glwindow\glwindow.h">
      <Filter>Private\system\opengl\glwindow</Filter>
    </ClInclude>
    <ClInclude Include="..\..\src\Nubuck\system\opengl\opengl.h">
      <Filter>Private\system\opengl</Filter>
    </ClInclude>
    <ClInclude Include="..\..\src\Nubuck\system\timer\timer.h">
      <Filter>Private\system\timer</Filter>
    </ClInclude>
    <ClInclude Include="..\..\src\Nubuck\system\window\loop.h">
      <Filter>Private\system\window</Filter>
    </ClInclude>
    <ClInclude Include="..\..\src\Nubuck\system\window\window.h">
      <Filter>Private\system\window</Filter>
    </ClInclude>
    <ClInclude Include="..\..\src\Nubuck\system\winerror.h">
      <Filter>Private\system</Filter>
    </ClInclude>
    <ClInclude Include="..\..\src\Nubuck\renderer\mesh\polyhedron\polyhedron.h">
      <Filter>Private\renderer\mesh\polyhedron</Filter>
    </ClInclude>
    <ClInclude Include="GeneratedFiles\ui_randompoints.h">
      <Filter>Generated Files</Filter>
    </ClInclude>
    <ClInclude Include="..\..\src\Nubuck\common\types.h">
      <Filter>Private\common</Filter>
    </ClInclude>
    <ClInclude Include="..\..\src\Nubuck\camera\arcball_camera.h">
      <Filter>Private\camera</Filter>
    </ClInclude>
    <ClInclude Include="..\..\src\Nubuck\renderer\light\light.h">
      <Filter>Private\renderer\light</Filter>
    </ClInclude>
    <ClInclude Include="..\..\src\Nubuck\renderer\effects\effect.h">
      <Filter>Private\renderer\effects</Filter>
    </ClInclude>
    <ClInclude Include="..\..\src\Nubuck\world\entity.h">
      <Filter>Private\world</Filter>
    </ClInclude>
    <ClInclude Include="..\..\src\Nubuck\renderer\material\material.h">
      <Filter>Private\renderer\material</Filter>
    </ClInclude>
    <ClInclude Include="GeneratedFiles\ui_algorithm.h">
      <Filter>Generated Files</Filter>
    </ClInclude>
    <ClInclude Include="..\..\src\Nubuck\nubuck_private.h">
      <Filter>Private</Filter>
    </ClInclude>
    <ClInclude Include="..\..\src\Nubuck\algdriver\algdriver.h">
      <Filter>Private\algdriver</Filter>
    </ClInclude>
    <ClInclude Include="..\..\src\Nubuck\system\locks\spinlock.h">
      <Filter>Private\system\locks</Filter>
    </ClInclude>
    <ClInclude Include="..\..\src\Nubuck\system\thread\thread.h">
      <Filter>Private\system\thread</Filter>
    </ClInclude>
    <ClInclude Include="..\..\src\Nubuck\UI\logwidget\logwidget_inl.h">
      <Filter>Private\UI\logwidget</Filter>
    </ClInclude>
    <ClInclude Include="GeneratedFiles\ui_logwidget.h">
      <Filter>Generated Files</Filter>
    </ClInclude>
    <ClInclude Include="..\..\src\Nubuck\world\world_inl.h">
      <Filter>Private\world</Filter>
    </ClInclude>
    <ClInclude Include="..\..\src\Nubuck\renderer\mesh\meshmgr.h">
      <Filter>Private\renderer\mesh</Filter>
    </ClInclude>
    <ClInclude Include="..\..\src\Nubuck\system\locks\semaphore.h">
      <Filter>Private\system\locks</Filter>
    </ClInclude>
    <ClInclude Include="..\..\src\Nubuck\renderer\effects\effectmgr.h">
      <Filter>Private\renderer\effects</Filter>
    </ClInclude>
    <ClInclude Include="..\..\src\Nubuck\UI\glwidget\glwidget.h">
      <Filter>Private\UI\glwidget</Filter>
    </ClInclude>
    <ClInclude Include="..\..\src\Nubuck\renderer\mesh\meshmgr_inl.h">
      <Filter>Private\renderer\mesh</Filter>
    </ClInclude>
    <ClInclude Include="..\..\src\Nubuck\renderer\resource\resource.h">
      <Filter>Private\renderer\resource</Filter>
    </ClInclude>
    <ClInclude Include="..\..\src\Nubuck\renderer\mesh\polygon\polygon.h">
      <Filter>Private\renderer\mesh\polygon</Filter>
    </ClInclude>
    <ClInclude Include="..\..\src\Nubuck\renderer\skin\skin.h">
      <Filter>Private\renderer\skin</Filter>
    </ClInclude>
    <ClInclude Include="..\..\src\Nubuck\renderer\skin\skinmgr.h">
      <Filter>Private\renderer\skin</Filter>
    </ClInclude>
    <ClInclude Include="..\..\src\Nubuck\renderer\textures\texallocs.h">
      <Filter>Private\renderer\textures</Filter>
    </ClInclude>
    <ClInclude Include="..\..\src\Nubuck\renderer\textures\texture.h">
      <Filter>Private\renderer\textures</Filter>
    </ClInclude>
    <ClInclude Include="..\..\src\Nubuck\common\config\config.h">
      <Filter>Private\common\config</Filter>
    </ClInclude>
    <ClInclude Include="..\..\src\Nubuck\common\filesystem\filesystem.h">
      <Filter>Private\common\filesystem</Filter>
    </ClInclude>
    <ClInclude Include="..\..\src\Nubuck\renderer\mesh\polygon\polygon_inl.h">
      <Filter>Private\renderer\mesh\polygon</Filter>
    </ClInclude>
    <ClInclude Include="..\..\src\Nubuck\renderer\metrics\metrics.h">
      <Filter>Private\renderer\metrics</Filter>
    </ClInclude>
    <ClInclude Include="GeneratedFiles\ui_rendermetrics.h">
      <Filter>Generated Files</Filter>
    </ClInclude>
    <ClInclude Include="..\..\src\Nubuck\renderer\mesh\bezier\bezier.h">
      <Filter>Private\renderer\mesh\bezier</Filter>
    </ClInclude>
    <ClInclude Include="..\..\src\Nubuck\renderer\mesh\sphere\sphere.h">
      <Filter>Private\renderer\mesh\sphere</Filter>
    </ClInclude>
    <ClInclude Include="..\..\src\Nubuck\renderer\mesh\cylinder\cylinder.h">
      <Filter>Private\renderer\mesh\cylinder</Filter>
    </ClInclude>
    <ClInclude Include="GeneratedFiles\ui_renderconfig.h">
      <Filter>Generated Files</Filter>
    </ClInclude>
    <ClInclude Include="..\..\src\Nubuck\renderer\mesh\plane\plane.h">
      <Filter>Private\renderer\mesh\plane</Filter>
    </ClInclude>
    <ClInclude Include="..\..\src\Nubuck\renderer\giantbuffer\giant_buffer.h">
      <Filter>Private\renderer\giantbuffer</Filter>
    </ClInclude>
    <ClInclude Include="..\..\src\Nubuck\events\events.h">
      <Filter>Private\events</Filter>
    </ClInclude>
    <ClInclude Include="..\..\src\Nubuck\renderer\effects\nfx_loader\nfx_loader.h">
      <Filter>Private\renderer\effects\nfx_loader</Filter>
    </ClInclude>
    <ClInclude Include="..\..\src\Nubuck\renderer\effects\nfx_loader\nfx_local.h">
      <Filter>Private\renderer\effects\nfx_loader</Filter>
    </ClInclude>
    <ClInclude Include="..\..\src\Nubuck\renderer\effects\statedesc_gen\statedesc_gen.h">
      <Filter>Private\renderer\effects\statedesc_gen</Filter>
    </ClInclude>
    <ClInclude Include="..\..\src\Nubuck\renderer\effects\state.h">
      <Filter>Private\renderer\effects</Filter>
    </ClInclude>
    <ClInclude Include="..\..\src\Nubuck\renderer\effects\statedesc_gen\statedesc_gen_local.h">
      <Filter>Private\renderer\effects\statedesc_gen</Filter>
    </ClInclude>
    <ClInclude Include="..\..\src\Nubuck\renderer\effects\statedesc.h">
      <Filter>Private\renderer\effects</Filter>
    </ClInclude>
    <ClInclude Include="..\..\src\Nubuck\renderer\nodes\r_nodes.h">
      <Filter>Private\renderer\nodes</Filter>
    </ClInclude>
    <ClInclude Include="..\..\src\Nubuck\renderer\renderer_local.h">
      <Filter>Private\renderer</Filter>
    </ClInclude>
    <ClInclude Include="..\..\src\Nubuck\renderer\edges\r_cylinder_edges.h">
      <Filter>Private\renderer\edges</Filter>
    </ClInclude>
    <ClInclude Include="..\..\src\Nubuck\renderer\edges\r_line_edges.h">
      <Filter>Private\renderer\edges</Filter>
    </ClInclude>
    <ClInclude Include="..\..\src\Nubuck\renderer\shader\shader_preprocessor\shader_preprocessor.h">
      <Filter>Private\renderer\shader\shader_preprocessor</Filter>
    </ClInclude>
    <ClInclude Include="..\..\src\Nubuck\renderer\shader\shader_preprocessor\shader_preprocessor_local.h">
      <Filter>Private\renderer\shader\shader_preprocessor</Filter>
    </ClInclude>
    <ClInclude Include="..\..\src\Nubuck\common\filehandle.h">
      <Filter>Private\common</Filter>
    </ClInclude>
    <ClInclude Include="..\..\src\Nubuck\system\locks\condvar.h">
      <Filter>Private\system\locks</Filter>
    </ClInclude>
    <ClInclude Include="..\..\src\Nubuck\system\locks\shared_resources.h">
      <Filter>Private\system\locks</Filter>
    </ClInclude>
    <ClInclude Include="..\..\src\Nubuck\system\locks\scoped_lock.h">
      <Filter>Private\system\locks</Filter>
    </ClInclude>
    <ClInclude Include="..\..\incl\Nubuck\polymesh.h">
      <Filter>Public\polymesh</Filter>
    </ClInclude>
    <ClInclude Include="..\..\incl\Nubuck\polymesh_fwd.h">
      <Filter>Public\polymesh</Filter>
    </ClInclude>
    <ClInclude Include="..\..\src\Nubuck\UI\simple_panel\simple_panel.h">
      <Filter>Private\UI\simple_panel</Filter>
    </ClInclude>
    <ClInclude Include="..\..\incl\Nubuck\renderer\color\color.h">
      <Filter>Public\renderer\color</Filter>
    </ClInclude>
    <ClInclude Include="..\..\incl\Nubuck\renderer\color\color_inl.h">
      <Filter>Public\renderer\color</Filter>
    </ClInclude>
    <ClInclude Include="..\..\src\Nubuck\renderer\mesh\meshmgr_fwd.h">
      <Filter>Private\renderer\mesh</Filter>
    </ClInclude>
    <ClInclude Include="..\..\src\Nubuck\renderer\edges\r_edges.h">
      <Filter>Private\renderer\edges</Filter>
    </ClInclude>
    <ClInclude Include="..\..\src\Nubuck\renderer\mesh\grid\grid.h">
      <Filter>Private\renderer\mesh\grid</Filter>
    </ClInclude>
    <ClInclude Include="..\..\src\Nubuck\renderer\mesh\tfmesh.h">
      <Filter>Private\renderer\mesh</Filter>
    </ClInclude>
    <ClInclude Include="..\..\src\Nubuck\renderer\mesh\cone\cone.h">
      <Filter>Private\renderer\mesh\cone</Filter>
    </ClInclude>
    <ClInclude Include="GeneratedFiles\ui_op_loadobj.h">
      <Filter>Generated Files</Filter>
    </ClInclude>
    <ClInclude Include="..\..\incl\Nubuck\operators\operator.h">
      <Filter>Public\operators</Filter>
    </ClInclude>
    <ClInclude Include="..\..\incl\Nubuck\math\math_inl.h">
      <Filter>Public\math</Filter>
    </ClInclude>
    <ClInclude Include="..\..\incl\Nubuck\math\matrix3.h">
      <Filter>Public\math</Filter>
    </ClInclude>
    <ClInclude Include="..\..\incl\Nubuck\math\matrix4.h">
      <Filter>Public\math</Filter>
    </ClInclude>
    <ClInclude Include="..\..\incl\Nubuck\math\plane.h">
      <Filter>Public\math</Filter>
    </ClInclude>
    <ClInclude Include="..\..\incl\Nubuck\math\quaternion.h">
      <Filter>Public\math</Filter>
    </ClInclude>
    <ClInclude Include="..\..\incl\Nubuck\math\quaternion_mem_inl.h">
      <Filter>Public\math</Filter>
    </ClInclude>
    <ClInclude Include="..\..\incl\Nubuck\math\quaternion_op_inl.h">
      <Filter>Public\math</Filter>
    </ClInclude>
    <ClInclude Include="..\..\incl\Nubuck\math\ray.h">
      <Filter>Public\math</Filter>
    </ClInclude>
    <ClInclude Include="..\..\incl\Nubuck\math\sphere.h">
      <Filter>Public\math</Filter>
    </ClInclude>
    <ClInclude Include="..\..\incl\Nubuck\math\transform.h">
      <Filter>Public\math</Filter>
    </ClInclude>
    <ClInclude Include="..\..\incl\Nubuck\math\vector2.h">
      <Filter>Public\math</Filter>
    </ClInclude>
    <ClInclude Include="..\..\incl\Nubuck\math\vector2_mem_inl.h">
      <Filter>Public\math</Filter>
    </ClInclude>
    <ClInclude Include="..\..\incl\Nubuck\math\vector2_op_inl.h">
      <Filter>Public\math</Filter>
    </ClInclude>
    <ClInclude Include="..\..\incl\Nubuck\math\vector3.h">
      <Filter>Public\math</Filter>
    </ClInclude>
    <ClInclude Include="..\..\incl\Nubuck\math\vector3_mem_inl.h">
      <Filter>Public\math</Filter>
    </ClInclude>
    <ClInclude Include="..\..\incl\Nubuck\math\vector3_op_inl.h">
      <Filter>Public\math</Filter>
    </ClInclude>
    <ClInclude Include="..\..\incl\Nubuck\math\view_frustrum.h">
      <Filter>Public\math</Filter>
    </ClInclude>
    <ClInclude Include="..\..\incl\Nubuck\math\box.h">
      <Filter>Public\math</Filter>
    </ClInclude>
    <ClInclude Include="..\..\incl\Nubuck\math\intersections.h">
      <Filter>Public\math</Filter>
    </ClInclude>
    <ClInclude Include="..\..\incl\Nubuck\math\line_mem_inl.h">
      <Filter>Public\math</Filter>
    </ClInclude>
    <ClInclude Include="..\..\incl\Nubuck\math\line2.h">
      <Filter>Public\math</Filter>
    </ClInclude>
    <ClInclude Include="..\..\incl\Nubuck\math\line3.h">
      <Filter>Public\math</Filter>
    </ClInclude>
    <ClInclude Include="..\..\incl\Nubuck\math\math.h">
      <Filter>Public\math</Filter>
    </ClInclude>
    <ClInclude Include="..\..\src\Nubuck\common\string_hash.h">
      <Filter>Private\common</Filter>
    </ClInclude>
    <ClInclude Include="..\..\src\Nubuck\events\core_events.h">
      <Filter>Private\events</Filter>
    </ClInclude>
    <ClInclude Include="..\..\src\Nubuck\world\world_events.h">
      <Filter>Private\world</Filter>
    </ClInclude>
    <ClInclude Include="..\..\src\Nubuck\UI\window_events.h">
      <Filter>Private\UI</Filter>
    </ClInclude>
    <ClInclude Include="..\..\src\Nubuck\operators\operator_driver.h">
      <Filter>Private\operators</Filter>
    </ClInclude>
    <ClInclude Include="..\..\src\Nubuck\operators\operator_events.h">
      <Filter>Private\operators</Filter>
    </ClInclude>
    <ClInclude Include="GeneratedFiles\ui_operatorpanelheader.h">
      <Filter>Generated Files</Filter>
    </ClInclude>
    <ClInclude Include="..\..\src\Nubuck\world\entities\ent_geometry\ent_geometry_events.h">
      <Filter>Private\world\entities\ent_geometry</Filter>
    </ClInclude>
  </ItemGroup>
  <ItemGroup>
    <ClCompile Include="..\..\src\Nubuck\renderer\glew\glew.c">
      <Filter>Private\renderer\glew</Filter>
    </ClCompile>
    <ClCompile Include="..\..\src\Nubuck\nubuck.cpp">
      <Filter>Private</Filter>
    </ClCompile>
    <ClCompile Include="..\..\src\Nubuck\UI\mainwindow\mainwindow.cpp">
      <Filter>Private\UI\mainwindow</Filter>
    </ClCompile>
    <ClCompile Include="..\..\src\Nubuck\UI\renderview\renderview.cpp">
      <Filter>Private\UI\renderview</Filter>
    </ClCompile>
    <ClCompile Include="..\..\src\Nubuck\common\common.cpp">
      <Filter>Private\common</Filter>
    </ClCompile>
    <ClCompile Include="..\..\src\Nubuck\renderer\shader\shader.cpp">
      <Filter>Private\renderer\shader</Filter>
    </ClCompile>
    <ClCompile Include="..\..\src\Nubuck\renderer\program\program.cpp">
      <Filter>Private\renderer\program</Filter>
    </ClCompile>
    <ClCompile Include="..\..\src\Nubuck\renderer\color\color.cpp">
      <Filter>Private\renderer\color</Filter>
    </ClCompile>
    <ClCompile Include="..\..\src\Nubuck\renderer\effects\pass.cpp">
      <Filter>Private\renderer\effects</Filter>
    </ClCompile>
    <ClCompile Include="..\..\src\Nubuck\renderer\mesh\mesh.cpp">
      <Filter>Private\renderer\mesh</Filter>
    </ClCompile>
    <ClCompile Include="..\..\src\Nubuck\renderer\mesh\staticbuffer.cpp">
      <Filter>Private\renderer\mesh</Filter>
    </ClCompile>
    <ClCompile Include="..\..\src\Nubuck\renderer\mesh\quad\quad.cpp">
      <Filter>Private\renderer\mesh\quad</Filter>
    </ClCompile>
    <ClCompile Include="..\..\src\Nubuck\world\world.cpp">
      <Filter>Private\world</Filter>
    </ClCompile>
    <ClCompile Include="..\..\src\Nubuck\system\opengl\glwindow\glwindow.cpp">
      <Filter>Private\system\opengl\glwindow</Filter>
    </ClCompile>
    <ClCompile Include="..\..\src\Nubuck\system\opengl\opengl.cpp">
      <Filter>Private\system\opengl</Filter>
    </ClCompile>
    <ClCompile Include="..\..\src\Nubuck\system\timer\timer.cpp">
      <Filter>Private\system\timer</Filter>
    </ClCompile>
    <ClCompile Include="..\..\src\Nubuck\system\window\window.cpp">
      <Filter>Private\system\window</Filter>
    </ClCompile>
    <ClCompile Include="..\..\src\Nubuck\system\winerror.cpp">
      <Filter>Private\system</Filter>
    </ClCompile>
    <ClCompile Include="..\..\src\Nubuck\renderer\mesh\polyhedron\polyhedron.cpp">
      <Filter>Private\renderer\mesh\polyhedron</Filter>
    </ClCompile>
    <ClCompile Include="..\..\src\Nubuck\UI\randompoints\randompoints.cpp">
      <Filter>Private\UI\randompoints</Filter>
    </ClCompile>
    <ClCompile Include="GeneratedFiles\Debug\moc_randompoints.cpp">
      <Filter>Generated Files\Debug</Filter>
    </ClCompile>
    <ClCompile Include="GeneratedFiles\Release\moc_randompoints.cpp">
      <Filter>Generated Files\Release</Filter>
    </ClCompile>
    <ClCompile Include="GeneratedFiles\Debug\moc_mainwindow.cpp">
      <Filter>Generated Files\Debug</Filter>
    </ClCompile>
    <ClCompile Include="GeneratedFiles\Release\moc_mainwindow.cpp">
      <Filter>Generated Files\Release</Filter>
    </ClCompile>
    <ClCompile Include="..\..\src\Nubuck\camera\arcball_camera.cpp">
      <Filter>Private\camera</Filter>
    </ClCompile>
    <ClCompile Include="..\..\src\Nubuck\renderer\effects\effect.cpp">
      <Filter>Private\renderer\effects</Filter>
    </ClCompile>
    <ClCompile Include="..\..\src\Nubuck\renderer\effects\default_effects.cpp">
      <Filter>Private\renderer\effects</Filter>
    </ClCompile>
    <ClCompile Include="..\..\src\Nubuck\world\entity.cpp">
      <Filter>Private\world</Filter>
    </ClCompile>
    <ClCompile Include="GeneratedFiles\Debug\moc_renderview.cpp">
      <Filter>Generated Files\Debug</Filter>
    </ClCompile>
    <ClCompile Include="GeneratedFiles\Release\moc_renderview.cpp">
      <Filter>Generated Files\Release</Filter>
    </ClCompile>
    <ClCompile Include="..\..\src\Nubuck\UI\algorithmwidget\algorithmwidget.cpp">
      <Filter>Private\UI\algorithmwidget</Filter>
    </ClCompile>
    <ClCompile Include="GeneratedFiles\Debug\moc_algorithmwidget.cpp">
      <Filter>Generated Files\Debug</Filter>
    </ClCompile>
    <ClCompile Include="GeneratedFiles\Release\moc_algorithmwidget.cpp">
      <Filter>Generated Files\Release</Filter>
    </ClCompile>
    <ClCompile Include="..\..\src\Nubuck\algdriver\algdriver.cpp">
      <Filter>Private\algdriver</Filter>
    </ClCompile>
    <ClCompile Include="..\..\src\Nubuck\system\locks\spinlock.cpp">
      <Filter>Private\system\locks</Filter>
    </ClCompile>
    <ClCompile Include="..\..\src\Nubuck\system\thread\thread.cpp">
      <Filter>Private\system\thread</Filter>
    </ClCompile>
    <ClCompile Include="..\..\src\Nubuck\UI\logwidget\logwidget.cpp">
      <Filter>Private\UI\logwidget</Filter>
    </ClCompile>
    <ClCompile Include="GeneratedFiles\Debug\moc_logwidget.cpp">
      <Filter>Generated Files\Debug</Filter>
    </ClCompile>
    <ClCompile Include="GeneratedFiles\Release\moc_logwidget.cpp">
      <Filter>Generated Files\Release</Filter>
    </ClCompile>
    <ClCompile Include="..\..\src\Nubuck\renderer\mesh\meshmgr.cpp">
      <Filter>Private\renderer\mesh</Filter>
    </ClCompile>
    <ClCompile Include="..\..\src\Nubuck\system\locks\semaphore.cpp">
      <Filter>Private\system\locks</Filter>
    </ClCompile>
    <ClCompile Include="..\..\src\Nubuck\renderer\effects\effectmgr.cpp">
      <Filter>Private\renderer\effects</Filter>
    </ClCompile>
    <ClCompile Include="..\..\src\Nubuck\UI\glwidget\glwidget.cpp">
      <Filter>Private\UI\glwidget</Filter>
    </ClCompile>
    <ClCompile Include="..\..\src\Nubuck\renderer\debugoutput.cpp">
      <Filter>Private\renderer</Filter>
    </ClCompile>
    <ClCompile Include="..\..\src\Nubuck\renderer\resource\resource.cpp">
      <Filter>Private\renderer\resource</Filter>
    </ClCompile>
    <ClCompile Include="..\..\src\Nubuck\renderer\mesh\polygon\polygon.cpp">
      <Filter>Private\renderer\mesh\polygon</Filter>
    </ClCompile>
    <ClCompile Include="..\..\src\Nubuck\renderer\skin\skinmgr.cpp">
      <Filter>Private\renderer\skin</Filter>
    </ClCompile>
    <ClCompile Include="..\..\src\Nubuck\renderer\textures\texture.cpp">
      <Filter>Private\renderer\textures</Filter>
    </ClCompile>
    <ClCompile Include="..\..\src\Nubuck\renderer\textures\tga_texalloc.cpp">
      <Filter>Private\renderer\textures</Filter>
    </ClCompile>
    <ClCompile Include="..\..\src\Nubuck\common\config\config.cpp">
      <Filter>Private\common\config</Filter>
    </ClCompile>
    <ClCompile Include="..\..\src\Nubuck\common\filesystem\filesystem.cpp">
      <Filter>Private\common\filesystem</Filter>
    </ClCompile>
    <ClCompile Include="..\..\src\Nubuck\renderer\skin\skin.cpp">
      <Filter>Private\renderer\skin</Filter>
    </ClCompile>
    <ClCompile Include="..\..\src\Nubuck\renderer\metrics\metrics.cpp">
      <Filter>Private\renderer\metrics</Filter>
    </ClCompile>
    <ClCompile Include="..\..\src\Nubuck\UI\rendermetrics\rendermetrics.cpp">
      <Filter>Private\UI\rendermetrics</Filter>
    </ClCompile>
    <ClCompile Include="GeneratedFiles\Debug\moc_rendermetrics.cpp">
      <Filter>Generated Files\Debug</Filter>
    </ClCompile>
    <ClCompile Include="GeneratedFiles\Release\moc_rendermetrics.cpp">
      <Filter>Generated Files\Release</Filter>
    </ClCompile>
    <ClCompile Include="..\..\src\Nubuck\renderer\mesh\bezier\bezier.cpp">
      <Filter>Private\renderer\mesh\bezier</Filter>
    </ClCompile>
    <ClCompile Include="..\..\src\Nubuck\renderer\mesh\sphere\sphere.cpp">
      <Filter>Private\renderer\mesh\sphere</Filter>
    </ClCompile>
    <ClCompile Include="..\..\src\Nubuck\renderer\material\material.cpp">
      <Filter>Private\renderer\material</Filter>
    </ClCompile>
    <ClCompile Include="..\..\src\Nubuck\renderer\renderer.cpp">
      <Filter>Private\renderer</Filter>
    </ClCompile>
    <ClCompile Include="..\..\src\Nubuck\renderer\mesh\cylinder\cylinder.cpp">
      <Filter>Private\renderer\mesh\cylinder</Filter>
    </ClCompile>
    <ClCompile Include="..\..\src\Nubuck\UI\renderconfig\renderconfig.cpp">
      <Filter>Private\UI\renderconfig</Filter>
    </ClCompile>
    <ClCompile Include="GeneratedFiles\Debug\moc_renderconfig.cpp">
      <Filter>Generated Files\Debug</Filter>
    </ClCompile>
    <ClCompile Include="GeneratedFiles\Release\moc_renderconfig.cpp">
      <Filter>Generated Files\Release</Filter>
    </ClCompile>
    <ClCompile Include="..\..\src\Nubuck\renderer\mesh\plane\plane.cpp">
      <Filter>Private\renderer\mesh\plane</Filter>
    </ClCompile>
    <ClCompile Include="..\..\src\Nubuck\renderer\giantbuffer\giant_buffer.cpp">
      <Filter>Private\renderer\giantbuffer</Filter>
    </ClCompile>
    <ClCompile Include="..\..\src\Nubuck\UI\outliner\outliner.cpp">
      <Filter>Private\UI\outliner</Filter>
    </ClCompile>
    <ClCompile Include="..\..\src\Nubuck\events\events.cpp">
      <Filter>Private\events</Filter>
    </ClCompile>
    <ClCompile Include="..\..\src\Nubuck\UI\colorbutton\colorbutton.cpp">
      <Filter>Private\UI\colorbutton</Filter>
    </ClCompile>
    <ClCompile Include="GeneratedFiles\Debug\moc_colorbutton.cpp">
      <Filter>Generated Files\Debug</Filter>
    </ClCompile>
    <ClCompile Include="GeneratedFiles\Release\moc_colorbutton.cpp">
      <Filter>Generated Files\Release</Filter>
    </ClCompile>
    <ClCompile Include="GeneratedFiles\qrc_nubuck.cpp">
      <Filter>Generated Files</Filter>
    </ClCompile>
    <ClCompile Include="..\..\src\Nubuck\renderer\effects\nfx_loader\nfx_loader.cpp">
      <Filter>Private\renderer\effects\nfx_loader</Filter>
    </ClCompile>
    <ClCompile Include="..\..\src\Nubuck\renderer\effects\statedesc_gen\statedesc_gen.cpp">
      <Filter>Private\renderer\effects\statedesc_gen</Filter>
    </ClCompile>
    <ClCompile Include="..\..\src\Nubuck\renderer\effects\nfx_loader\lex.yynfx.cpp">
      <Filter>Private\renderer\effects\nfx_loader</Filter>
    </ClCompile>
    <ClCompile Include="..\..\src\Nubuck\renderer\effects\statedesc_gen\lex.yystg.cpp">
      <Filter>Private\renderer\effects\statedesc_gen</Filter>
    </ClCompile>
    <ClCompile Include="..\..\src\Nubuck\renderer\effects\state.cpp">
      <Filter>Private\renderer\effects</Filter>
    </ClCompile>
    <ClCompile Include="..\..\src\Nubuck\renderer\effects\statedesc.cpp">
      <Filter>Private\renderer\effects</Filter>
    </ClCompile>
    <ClCompile Include="..\..\src\Nubuck\renderer\nodes\r_nodes.cpp">
      <Filter>Private\renderer\nodes</Filter>
    </ClCompile>
    <ClCompile Include="..\..\src\Nubuck\renderer\edges\r_cylinder_edges.cpp">
      <Filter>Private\renderer\edges</Filter>
    </ClCompile>
    <ClCompile Include="..\..\src\Nubuck\renderer\edges\r_line_edges.cpp">
      <Filter>Private\renderer\edges</Filter>
    </ClCompile>
    <ClCompile Include="..\..\src\Nubuck\renderer\shader\shader_preprocessor\shader_preprocessor.cpp">
      <Filter>Private\renderer\shader\shader_preprocessor</Filter>
    </ClCompile>
    <ClCompile Include="..\..\src\Nubuck\renderer\shader\shader_preprocessor\lex.yyspp.cpp">
      <Filter>Private\renderer\shader\shader_preprocessor</Filter>
    </ClCompile>
    <ClCompile Include="..\..\src\Nubuck\system\locks\condvar.cpp">
      <Filter>Private\system\locks</Filter>
    </ClCompile>
    <ClCompile Include="..\..\src\Nubuck\system\locks\shared_resources.cpp">
      <Filter>Private\system\locks</Filter>
    </ClCompile>
    <ClCompile Include="..\..\src\Nubuck\polymesh\polymesh.cpp">
      <Filter>Private\polymesh</Filter>
    </ClCompile>
    <ClCompile Include="..\..\src\Nubuck\world\entities\ent_geometry\ent_geometry.cpp">
      <Filter>Private\world\entities\ent_geometry</Filter>
    </ClCompile>
    <ClCompile Include="..\..\src\Nubuck\mainloop\mainloop.cpp">
      <Filter>Private\mainloop</Filter>
    </ClCompile>
    <ClCompile Include="GeneratedFiles\Debug\moc_mainloop.cpp">
      <Filter>Generated Files\Debug</Filter>
    </ClCompile>
    <ClCompile Include="GeneratedFiles\Release\moc_mainloop.cpp">
      <Filter>Generated Files\Release</Filter>
    </ClCompile>
    <ClCompile Include="..\..\src\Nubuck\UI\operatorpanel\operatorpanel.cpp">
      <Filter>Private\UI\operatorpanel</Filter>
    </ClCompile>
    <ClCompile Include="..\..\src\Nubuck\operators\operators.cpp">
      <Filter>Private\operators</Filter>
    </ClCompile>
    <ClCompile Include="GeneratedFiles\Debug\moc_operators.cpp">
      <Filter>Generated Files\Debug</Filter>
    </ClCompile>
    <ClCompile Include="GeneratedFiles\Release\moc_operators.cpp">
      <Filter>Generated Files\Release</Filter>
    </ClCompile>
    <ClCompile Include="..\..\src\Nubuck\UI\simple_panel\simple_panel.cpp">
      <Filter>Private\UI\simple_panel</Filter>
    </ClCompile>
    <ClCompile Include="..\..\src\Nubuck\renderer\edges\r_edges.cpp">
      <Filter>Private\renderer\edges</Filter>
    </ClCompile>
    <ClCompile Include="..\..\src\Nubuck\renderer\mesh\grid\grid.cpp">
      <Filter>Private\renderer\mesh\grid</Filter>
    </ClCompile>
    <ClCompile Include="..\..\src\Nubuck\renderer\mesh\tfmesh.cpp">
      <Filter>Private\renderer\mesh</Filter>
    </ClCompile>
    <ClCompile Include="..\..\src\Nubuck\renderer\mesh\cone\cone.cpp">
      <Filter>Private\renderer\mesh\cone</Filter>
    </ClCompile>
    <ClCompile Include="..\..\src\Nubuck\world\entities\ent_geometry\ent_geometry_outln.cpp">
      <Filter>Private\world\entities\ent_geometry</Filter>
    </ClCompile>
    <ClCompile Include="..\..\src\Nubuck\math\box.cpp">
      <Filter>Private\math</Filter>
    </ClCompile>
    <ClCompile Include="..\..\src\Nubuck\math\is_ray_box.cpp">
      <Filter>Private\math</Filter>
    </ClCompile>
    <ClCompile Include="..\..\src\Nubuck\math\is_ray_plane.cpp">
      <Filter>Private\math</Filter>
    </ClCompile>
    <ClCompile Include="..\..\src\Nubuck\math\is_ray_sphere.cpp">
      <Filter>Private\math</Filter>
    </ClCompile>
    <ClCompile Include="..\..\src\Nubuck\math\line2.cpp">
      <Filter>Private\math</Filter>
    </ClCompile>
    <ClCompile Include="..\..\src\Nubuck\math\line3.cpp">
      <Filter>Private\math</Filter>
    </ClCompile>
    <ClCompile Include="..\..\src\Nubuck\math\math.cpp">
      <Filter>Private\math</Filter>
    </ClCompile>
    <ClCompile Include="..\..\src\Nubuck\math\matrix3_mem.cpp">
      <Filter>Private\math</Filter>
    </ClCompile>
    <ClCompile Include="..\..\src\Nubuck\math\matrix3_op.cpp">
      <Filter>Private\math</Filter>
    </ClCompile>
    <ClCompile Include="..\..\src\Nubuck\math\matrix4_mem.cpp">
      <Filter>Private\math</Filter>
    </ClCompile>
    <ClCompile Include="..\..\src\Nubuck\math\matrix4_op.cpp">
      <Filter>Private\math</Filter>
    </ClCompile>
    <ClCompile Include="..\..\src\Nubuck\math\quaternion_mem.cpp">
      <Filter>Private\math</Filter>
    </ClCompile>
    <ClCompile Include="..\..\src\Nubuck\math\vector2_mem.cpp">
      <Filter>Private\math</Filter>
    </ClCompile>
    <ClCompile Include="..\..\src\Nubuck\math\vector2_op.cpp">
      <Filter>Private\math</Filter>
    </ClCompile>
    <ClCompile Include="..\..\src\Nubuck\math\vector3_mem.cpp">
      <Filter>Private\math</Filter>
    </ClCompile>
    <ClCompile Include="..\..\src\Nubuck\math\vector3_op.cpp">
      <Filter>Private\math</Filter>
    </ClCompile>
    <ClCompile Include="..\..\src\Nubuck\math\view_frustrum.cpp">
      <Filter>Private\math</Filter>
    </ClCompile>
    <ClCompile Include="GeneratedFiles\Debug\moc_operator_invoker.cpp">
      <Filter>Generated Files\Debug</Filter>
    </ClCompile>
    <ClCompile Include="GeneratedFiles\Release\moc_operator_invoker.cpp">
      <Filter>Generated Files\Release</Filter>
    </ClCompile>
    <ClCompile Include="..\..\src\Nubuck\common\string_hash.cpp">
      <Filter>Private\common</Filter>
    </ClCompile>
    <ClCompile Include="..\..\src\Nubuck\operators\op_loop\op_loop.cpp">
      <Filter>Private\operators\op_loop</Filter>
    </ClCompile>
    <ClCompile Include="GeneratedFiles\Debug\moc_op_loop.cpp">
      <Filter>Generated Files\Debug</Filter>
    </ClCompile>
    <ClCompile Include="GeneratedFiles\Release\moc_op_loop.cpp">
      <Filter>Generated Files\Release</Filter>
    </ClCompile>
    <ClCompile Include="..\..\src\Nubuck\operators\operator_driver.cpp">
      <Filter>Private\operators</Filter>
    </ClCompile>
    <ClCompile Include="GeneratedFiles\Debug\moc_ent_geometry_outln.cpp">
      <Filter>Generated Files\Debug</Filter>
    </ClCompile>
    <ClCompile Include="GeneratedFiles\Release\moc_ent_geometry_outln.cpp">
      <Filter>Generated Files\Release</Filter>
    </ClCompile>
  </ItemGroup>
  <ItemGroup>
    <CustomBuild Include="..\..\src\Nubuck\UI\mainwindow\mainwindow.h">
      <Filter>Private\UI\mainwindow</Filter>
    </CustomBuild>
    <CustomBuild Include="..\..\src\Nubuck\UI\forms\mainwindow.ui">
      <Filter>Form Files</Filter>
    </CustomBuild>
    <CustomBuild Include="..\..\src\Nubuck\UI\randompoints\randompoints.h">
      <Filter>Private\UI\randompoints</Filter>
    </CustomBuild>
    <CustomBuild Include="..\..\src\Nubuck\UI\forms\randompoints.ui">
      <Filter>Form Files</Filter>
    </CustomBuild>
    <CustomBuild Include="..\..\src\Nubuck\UI\renderview\renderview.h">
      <Filter>Private\UI\renderview</Filter>
    </CustomBuild>
    <CustomBuild Include="..\..\src\Nubuck\UI\forms\algorithm.ui">
      <Filter>Form Files</Filter>
    </CustomBuild>
    <CustomBuild Include="..\..\src\Nubuck\UI\algorithmwidget\algorithmwidget.h">
      <Filter>Private\UI\algorithmwidget</Filter>
    </CustomBuild>
    <CustomBuild Include="..\..\src\Nubuck\UI\logwidget\logwidget.h">
      <Filter>Private\UI\logwidget</Filter>
    </CustomBuild>
    <CustomBuild Include="..\..\src\Nubuck\UI\forms\logwidget.ui">
      <Filter>Form Files</Filter>
    </CustomBuild>
    <CustomBuild Include="..\..\src\Nubuck\UI\forms\rendermetrics.ui">
      <Filter>Form Files</Filter>
    </CustomBuild>
    <CustomBuild Include="..\..\src\Nubuck\UI\rendermetrics\rendermetrics.h">
      <Filter>Private\UI\rendermetrics</Filter>
    </CustomBuild>
    <CustomBuild Include="..\..\src\Nubuck\UI\forms\renderconfig.ui">
      <Filter>Form Files</Filter>
    </CustomBuild>
    <CustomBuild Include="..\..\src\Nubuck\UI\renderconfig\renderconfig.h">
      <Filter>Private\UI\renderconfig</Filter>
    </CustomBuild>
    <CustomBuild Include="..\..\src\Nubuck\UI\outliner\outliner.h">
      <Filter>Private\UI\outliner</Filter>
    </CustomBuild>
    <CustomBuild Include="..\..\src\Nubuck\UI\colorbutton\colorbutton.h">
      <Filter>Private\UI\colorbutton</Filter>
    </CustomBuild>
    <CustomBuild Include="..\..\res\nubuck.qrc">
      <Filter>Resource Files</Filter>
    </CustomBuild>
    <CustomBuild Include="..\..\src\Nubuck\world\world.h">
      <Filter>Private\world</Filter>
    </CustomBuild>
    <CustomBuild Include="..\..\src\Nubuck\mainloop\mainloop.h">
      <Filter>Private\mainloop</Filter>
    </CustomBuild>
    <CustomBuild Include="..\..\src\Nubuck\operators\operators.h">
      <Filter>Private\operators</Filter>
    </CustomBuild>
    <CustomBuild Include="..\..\src\Nubuck\UI\forms\op_loadobj.ui">
      <Filter>Form Files</Filter>
    </CustomBuild>
    <CustomBuild Include="..\..\src\Nubuck\world\entities\ent_geometry\ent_geometry.h">
      <Filter>Private\world\entities\ent_geometry</Filter>
    </CustomBuild>
    <CustomBuild Include="..\..\incl\Nubuck\operators\operator_invoker.h">
      <Filter>Public\operators</Filter>
    </CustomBuild>
    <CustomBuild Include="..\..\src\Nubuck\operators\op_loop\op_loop.h">
      <Filter>Private\operators\op_loop</Filter>
    </CustomBuild>
    <CustomBuild Include="..\..\src\Nubuck\UI\forms\operatorpanelheader.ui">
      <Filter>Form Files</Filter>
    </CustomBuild>
    <CustomBuild Include="..\..\src\Nubuck\UI\operatorpanel\operatorpanel.h">
      <Filter>Private\UI\operatorpanel</Filter>
    </CustomBuild>
    <CustomBuild Include="..\..\src\Nubuck\world\entities\ent_geometry\ent_geometry_outln.h">
      <Filter>Private\world\entities\ent_geometry</Filter>
    </CustomBuild>
  </ItemGroup>
  <ItemGroup>
    <None Include="..\..\src\Nubuck\renderer\renderer_notes.txt">
      <Filter>Private\renderer</Filter>
    </None>
  </ItemGroup>
</Project>