<?xml version="1.0" encoding="utf-8"?>
<Project ToolsVersion="4.0" xmlns="http://schemas.microsoft.com/developer/msbuild/2003">
  <ItemGroup>
    <ClCompile Include="..\..\src\NubuckOperators\d3_delaunay\d3_delaunay.cpp" />
  </ItemGroup>
  <ItemGroup>
    <ClInclude Include="..\..\src\NubuckOperators\d3_delaunay\d3_delaunay.h" />
  </ItemGroup>
</Project>