
Microsoft Visual Studio Solution File, Format Version 11.00
# Visual Studio 2010
Project("{8BC9CEB8-8B4A-11D0-8D11-00A0C91BC942}") = "nubuck", "nubuck\nubuck.vcxproj", "{41FA7EED-25F5-4CD7-8656-42AB6FD66983}"
EndProject
Project("{8BC9CEB8-8B4A-11D0-8D11-00A0C91BC942}") = "nubuck_client", "nubuck_client\nubuck_client.vcxproj", "{B0B72E6A-6454-4434-9BC6-BA284F170F7D}"
	ProjectSection(ProjectDependencies) = postProject
		{41FA7EED-25F5-4CD7-8656-42AB6FD66983} = {41FA7EED-25F5-4CD7-8656-42AB6FD66983}
	EndProjectSection
EndProject
Project("{2150E333-8FDC-42A3-9474-1A3956D46DE8}") = "Demos (deprecated)", "Demos (deprecated)", "{D9188D56-98D9-4598-8979-DA43A512BA68}"
EndProject
Project("{8BC9CEB8-8B4A-11D0-8D11-00A0C91BC942}") = "demo_delaunay2d", "demo_delaunay2d\demo_delaunay2d.vcxproj", "{D084EF5C-8F80-49CE-9074-5C3ACA418753}"
	ProjectSection(ProjectDependencies) = postProject
		{41FA7EED-25F5-4CD7-8656-42AB6FD66983} = {41FA7EED-25F5-4CD7-8656-42AB6FD66983}
	EndProjectSection
EndProject
Project("{8BC9CEB8-8B4A-11D0-8D11-00A0C91BC942}") = "demo_grabbing", "demo_grabbing\demo_grabbing.vcxproj", "{01EF025E-DA50-48E3-83C0-BE70528CA9B7}"
	ProjectSection(ProjectDependencies) = postProject
		{41FA7EED-25F5-4CD7-8656-42AB6FD66983} = {41FA7EED-25F5-4CD7-8656-42AB6FD66983}
	EndProjectSection
EndProject
Project("{8BC9CEB8-8B4A-11D0-8D11-00A0C91BC942}") = "demo_helloworld", "demo_helloworld\demo_helloworld.vcxproj", "{62586E45-15A9-4E77-81BE-E754E4C5AF94}"
EndProject
Project("{8BC9CEB8-8B4A-11D0-8D11-00A0C91BC942}") = "demo_incircle", "demo_incircle\demo_incircle.vcxproj", "{EA6DC0BA-15DA-4CB0-A280-D486F2663CBE}"
	ProjectSection(ProjectDependencies) = postProject
		{41FA7EED-25F5-4CD7-8656-42AB6FD66983} = {41FA7EED-25F5-4CD7-8656-42AB6FD66983}
	EndProjectSection
EndProject
Project("{8BC9CEB8-8B4A-11D0-8D11-00A0C91BC942}") = "demo_flipclip0", "demo_flipclip0\demo_flipclip0.vcxproj", "{CAACA3BB-25C1-49AE-AF9D-BA96234EB9C2}"
	ProjectSection(ProjectDependencies) = postProject
		{41FA7EED-25F5-4CD7-8656-42AB6FD66983} = {41FA7EED-25F5-4CD7-8656-42AB6FD66983}
	EndProjectSection
EndProject
Project("{8BC9CEB8-8B4A-11D0-8D11-00A0C91BC942}") = "nubuck_standalone", "nubuck_standalone\nubuck_standalone.vcxproj", "{1FDCAC31-735C-4094-A7B5-EE0B1017AE9E}"
	ProjectSection(ProjectDependencies) = postProject
		{13D875C8-167D-4C68-9E6A-575B7061E803} = {13D875C8-167D-4C68-9E6A-575B7061E803}
		{41FA7EED-25F5-4CD7-8656-42AB6FD66983} = {41FA7EED-25F5-4CD7-8656-42AB6FD66983}
	EndProjectSection
EndProject
Project("{2150E333-8FDC-42A3-9474-1A3956D46DE8}") = "Operators", "Operators", "{DC152EF9-2706-4D5A-87A1-C1896E08EBEC}"
EndProject
Project("{8BC9CEB8-8B4A-11D0-8D11-00A0C91BC942}") = "op_d3_delaunay", "op_d3_delaunay\op_d3_delaunay.vcxproj", "{13D875C8-167D-4C68-9E6A-575B7061E803}"
EndProject
Global
	GlobalSection(SolutionConfigurationPlatforms) = preSolution
		Debug|Win32 = Debug|Win32
		Release|Win32 = Release|Win32
	EndGlobalSection
	GlobalSection(ProjectConfigurationPlatforms) = postSolution
		{41FA7EED-25F5-4CD7-8656-42AB6FD66983}.Debug|Win32.ActiveCfg = Debug|Win32
		{41FA7EED-25F5-4CD7-8656-42AB6FD66983}.Debug|Win32.Build.0 = Debug|Win32
		{41FA7EED-25F5-4CD7-8656-42AB6FD66983}.Release|Win32.ActiveCfg = Release|Win32
		{41FA7EED-25F5-4CD7-8656-42AB6FD66983}.Release|Win32.Build.0 = Release|Win32
		{B0B72E6A-6454-4434-9BC6-BA284F170F7D}.Debug|Win32.ActiveCfg = Debug|Win32
		{B0B72E6A-6454-4434-9BC6-BA284F170F7D}.Debug|Win32.Build.0 = Debug|Win32
		{B0B72E6A-6454-4434-9BC6-BA284F170F7D}.Release|Win32.ActiveCfg = Release|Win32
		{B0B72E6A-6454-4434-9BC6-BA284F170F7D}.Release|Win32.Build.0 = Release|Win32
		{D084EF5C-8F80-49CE-9074-5C3ACA418753}.Debug|Win32.ActiveCfg = Debug|Win32
		{D084EF5C-8F80-49CE-9074-5C3ACA418753}.Debug|Win32.Build.0 = Debug|Win32
		{D084EF5C-8F80-49CE-9074-5C3ACA418753}.Release|Win32.ActiveCfg = Release|Win32
		{D084EF5C-8F80-49CE-9074-5C3ACA418753}.Release|Win32.Build.0 = Release|Win32
		{01EF025E-DA50-48E3-83C0-BE70528CA9B7}.Debug|Win32.ActiveCfg = Debug|Win32
		{01EF025E-DA50-48E3-83C0-BE70528CA9B7}.Debug|Win32.Build.0 = Debug|Win32
		{01EF025E-DA50-48E3-83C0-BE70528CA9B7}.Release|Win32.ActiveCfg = Release|Win32
		{01EF025E-DA50-48E3-83C0-BE70528CA9B7}.Release|Win32.Build.0 = Release|Win32
		{62586E45-15A9-4E77-81BE-E754E4C5AF94}.Debug|Win32.ActiveCfg = Debug|Win32
		{62586E45-15A9-4E77-81BE-E754E4C5AF94}.Debug|Win32.Build.0 = Debug|Win32
		{62586E45-15A9-4E77-81BE-E754E4C5AF94}.Release|Win32.ActiveCfg = Release|Win32
		{62586E45-15A9-4E77-81BE-E754E4C5AF94}.Release|Win32.Build.0 = Release|Win32
		{EA6DC0BA-15DA-4CB0-A280-D486F2663CBE}.Debug|Win32.ActiveCfg = Debug|Win32
		{EA6DC0BA-15DA-4CB0-A280-D486F2663CBE}.Debug|Win32.Build.0 = Debug|Win32
		{EA6DC0BA-15DA-4CB0-A280-D486F2663CBE}.Release|Win32.ActiveCfg = Release|Win32
		{EA6DC0BA-15DA-4CB0-A280-D486F2663CBE}.Release|Win32.Build.0 = Release|Win32
		{CAACA3BB-25C1-49AE-AF9D-BA96234EB9C2}.Debug|Win32.ActiveCfg = Debug|Win32
		{CAACA3BB-25C1-49AE-AF9D-BA96234EB9C2}.Debug|Win32.Build.0 = Debug|Win32
		{CAACA3BB-25C1-49AE-AF9D-BA96234EB9C2}.Release|Win32.ActiveCfg = Release|Win32
		{CAACA3BB-25C1-49AE-AF9D-BA96234EB9C2}.Release|Win32.Build.0 = Release|Win32
		{1FDCAC31-735C-4094-A7B5-EE0B1017AE9E}.Debug|Win32.ActiveCfg = Debug|Win32
		{1FDCAC31-735C-4094-A7B5-EE0B1017AE9E}.Debug|Win32.Build.0 = Debug|Win32
		{1FDCAC31-735C-4094-A7B5-EE0B1017AE9E}.Release|Win32.ActiveCfg = Release|Win32
		{1FDCAC31-735C-4094-A7B5-EE0B1017AE9E}.Release|Win32.Build.0 = Release|Win32
		{13D875C8-167D-4C68-9E6A-575B7061E803}.Debug|Win32.ActiveCfg = Debug|Win32
		{13D875C8-167D-4C68-9E6A-575B7061E803}.Debug|Win32.Build.0 = Debug|Win32
		{13D875C8-167D-4C68-9E6A-575B7061E803}.Release|Win32.ActiveCfg = Release|Win32
		{13D875C8-167D-4C68-9E6A-575B7061E803}.Release|Win32.Build.0 = Release|Win32
	EndGlobalSection
	GlobalSection(SolutionProperties) = preSolution
		HideSolutionNode = FALSE
	EndGlobalSection
	GlobalSection(NestedProjects) = preSolution
		{EA6DC0BA-15DA-4CB0-A280-D486F2663CBE} = {D9188D56-98D9-4598-8979-DA43A512BA68}
		{62586E45-15A9-4E77-81BE-E754E4C5AF94} = {D9188D56-98D9-4598-8979-DA43A512BA68}
		{01EF025E-DA50-48E3-83C0-BE70528CA9B7} = {D9188D56-98D9-4598-8979-DA43A512BA68}
		{CAACA3BB-25C1-49AE-AF9D-BA96234EB9C2} = {D9188D56-98D9-4598-8979-DA43A512BA68}
		{D084EF5C-8F80-49CE-9074-5C3ACA418753} = {D9188D56-98D9-4598-8979-DA43A512BA68}
		{B0B72E6A-6454-4434-9BC6-BA284F170F7D} = {D9188D56-98D9-4598-8979-DA43A512BA68}
		{13D875C8-167D-4C68-9E6A-575B7061E803} = {DC152EF9-2706-4D5A-87A1-C1896E08EBEC}
	EndGlobalSection
	GlobalSection(ExtensibilityGlobals) = postSolution
		QtVersion = 4.8.5
	EndGlobalSection
EndGlobal
